
Microsoft Visual Studio Solution File, Format Version 12.00
# Visual Studio Version 17
VisualStudioVersion = 17.9.34701.34
MinimumVisualStudioVersion = 10.0.40219.1
Project("{FAE04EC0-301F-11D3-BF4B-00C04F79EFBC}") = "KosarkaskiTurnir", "KosarkaskiTurnir\KosarkaskiTurnir.csproj", "{6FDCEB25-A106-4ED3-B432-2C7B87588793}"
EndProject
Global
	GlobalSection(SolutionConfigurationPlatforms) = preSolution
		Debug|Any CPU = Debug|Any CPU
		Release|Any CPU = Release|Any CPU
	EndGlobalSection
	GlobalSection(ProjectConfigurationPlatforms) = postSolution
		{6FDCEB25-A106-4ED3-B432-2C7B87588793}.Debug|Any CPU.ActiveCfg = Debug|Any CPU
		{6FDCEB25-A106-4ED3-B432-2C7B87588793}.Debug|Any CPU.Build.0 = Debug|Any CPU
		{6FDCEB25-A106-4ED3-B432-2C7B87588793}.Release|Any CPU.ActiveCfg = Release|Any CPU
		{6FDCEB25-A106-4ED3-B432-2C7B87588793}.Release|Any CPU.Build.0 = Release|Any CPU
	EndGlobalSection
	GlobalSection(SolutionProperties) = preSolution
		HideSolutionNode = FALSE
	EndGlobalSection
	GlobalSection(ExtensibilityGlobals) = postSolution
		SolutionGuid = {FADB8B43-0EB5-4F18-BB77-37267A3A3431}
	EndGlobalSection
EndGlobal
